
Microsoft Visual Studio Solution File, Format Version 12.00
# Visual Studio Version 17
VisualStudioVersion = 17.3.32929.385
MinimumVisualStudioVersion = 10.0.40219.1
Project("{FAE04EC0-301F-11D3-BF4B-00C04F79EFBC}") = "NLBank.client", "NLBank.client\NLBank.client.csproj", "{6D287318-2E26-4097-B943-1AE4ECAEBD49}"
EndProject
Project("{2150E333-8FDC-42A3-9474-1A3956D46DE8}") = "assets", "assets", "{64EDF756-1BBE-4C98-94A7-D7D4DA6E74E4}"
EndProject
Global
	GlobalSection(SolutionConfigurationPlatforms) = preSolution
		Debug|Any CPU = Debug|Any CPU
		Release|Any CPU = Release|Any CPU
	EndGlobalSection
	GlobalSection(ProjectConfigurationPlatforms) = postSolution
		{6D287318-2E26-4097-B943-1AE4ECAEBD49}.Debug|Any CPU.ActiveCfg = Debug|Any CPU
		{6D287318-2E26-4097-B943-1AE4ECAEBD49}.Debug|Any CPU.Build.0 = Debug|Any CPU
		{6D287318-2E26-4097-B943-1AE4ECAEBD49}.Release|Any CPU.ActiveCfg = Release|Any CPU
		{6D287318-2E26-4097-B943-1AE4ECAEBD49}.Release|Any CPU.Build.0 = Release|Any CPU
	EndGlobalSection
	GlobalSection(SolutionProperties) = preSolution
		HideSolutionNode = FALSE
	EndGlobalSection
	GlobalSection(ExtensibilityGlobals) = postSolution
		SolutionGuid = {AF77FED3-9560-461D-ABCD-556D8D6BE01F}
	EndGlobalSection
EndGlobal
